
Microsoft Visual Studio Solution File, Format Version 12.00
# Visual Studio Version 16
VisualStudioVersion = 16.0.31729.503
MinimumVisualStudioVersion = 10.0.40219.1
Project("{FAE04EC0-301F-11D3-BF4B-00C04F79EFBC}") = "DevIO.Data", "DevIO.Data\DevIO.Data.csproj", "{F5909163-9084-437E-8B98-3FDFDC3E6466}"
EndProject
Project("{FAE04EC0-301F-11D3-BF4B-00C04F79EFBC}") = "DevIO.Business", "DevIO.Business\DevIO.Business.csproj", "{82B9CECD-5373-4772-8D86-9703E1EE5C3D}"
EndProject
Project("{FAE04EC0-301F-11D3-BF4B-00C04F79EFBC}") = "DevIO.APILogs", "DevIO.APILogs\DevIO.APILogs.csproj", "{1B5A40FC-0AE8-4827-BC08-DAC3240D5D4F}"
EndProject
Global
	GlobalSection(SolutionConfigurationPlatforms) = preSolution
		Debug|Any CPU = Debug|Any CPU
		Release|Any CPU = Release|Any CPU
	EndGlobalSection
	GlobalSection(ProjectConfigurationPlatforms) = postSolution
		{F5909163-9084-437E-8B98-3FDFDC3E6466}.Debug|Any CPU.ActiveCfg = Debug|Any CPU
		{F5909163-9084-437E-8B98-3FDFDC3E6466}.Debug|Any CPU.Build.0 = Debug|Any CPU
		{F5909163-9084-437E-8B98-3FDFDC3E6466}.Release|Any CPU.ActiveCfg = Release|Any CPU
		{F5909163-9084-437E-8B98-3FDFDC3E6466}.Release|Any CPU.Build.0 = Release|Any CPU
		{82B9CECD-5373-4772-8D86-9703E1EE5C3D}.Debug|Any CPU.ActiveCfg = Debug|Any CPU
		{82B9CECD-5373-4772-8D86-9703E1EE5C3D}.Debug|Any CPU.Build.0 = Debug|Any CPU
		{82B9CECD-5373-4772-8D86-9703E1EE5C3D}.Release|Any CPU.ActiveCfg = Release|Any CPU
		{82B9CECD-5373-4772-8D86-9703E1EE5C3D}.Release|Any CPU.Build.0 = Release|Any CPU
		{1B5A40FC-0AE8-4827-BC08-DAC3240D5D4F}.Debug|Any CPU.ActiveCfg = Debug|Any CPU
		{1B5A40FC-0AE8-4827-BC08-DAC3240D5D4F}.Debug|Any CPU.Build.0 = Debug|Any CPU
		{1B5A40FC-0AE8-4827-BC08-DAC3240D5D4F}.Release|Any CPU.ActiveCfg = Release|Any CPU
		{1B5A40FC-0AE8-4827-BC08-DAC3240D5D4F}.Release|Any CPU.Build.0 = Release|Any CPU
	EndGlobalSection
	GlobalSection(SolutionProperties) = preSolution
		HideSolutionNode = FALSE
	EndGlobalSection
	GlobalSection(ExtensibilityGlobals) = postSolution
		SolutionGuid = {DE53F56E-3635-4CD8-8D5C-A85A9550618D}
	EndGlobalSection
EndGlobal
